
Microsoft Visual Studio Solution File, Format Version 12.00
# Visual Studio Version 17
VisualStudioVersion = 17.5.002.0
MinimumVisualStudioVersion = 10.0.40219.1
Project("{9A19103F-16F7-4668-BE54-9A1E7A4F7556}") = "IoTGateway", "IoTGateway.csproj", "{71DAE90E-DBBF-4046-8B3F-7C21FDE02732}"
EndProject
Global
	GlobalSection(SolutionConfigurationPlatforms) = preSolution
		Debug|Any CPU = Debug|Any CPU
		Release|Any CPU = Release|Any CPU
	EndGlobalSection
	GlobalSection(ProjectConfigurationPlatforms) = postSolution
		{71DAE90E-DBBF-4046-8B3F-7C21FDE02732}.Debug|Any CPU.ActiveCfg = Debug|Any CPU
		{71DAE90E-DBBF-4046-8B3F-7C21FDE02732}.Debug|Any CPU.Build.0 = Debug|Any CPU
		{71DAE90E-DBBF-4046-8B3F-7C21FDE02732}.Release|Any CPU.ActiveCfg = Release|Any CPU
		{71DAE90E-DBBF-4046-8B3F-7C21FDE02732}.Release|Any CPU.Build.0 = Release|Any CPU
	EndGlobalSection
	GlobalSection(SolutionProperties) = preSolution
		HideSolutionNode = FALSE
	EndGlobalSection
	GlobalSection(ExtensibilityGlobals) = postSolution
		SolutionGuid = {E0DC12F4-AFB9-452F-B269-6221D6880618}
	EndGlobalSection
EndGlobal
